
Microsoft Visual Studio Solution File, Format Version 12.00
# Visual Studio Version 17
VisualStudioVersion = 17.14.36603.0
MinimumVisualStudioVersion = 10.0.40219.1
Project("{FAE04EC0-301F-11D3-BF4B-00C04F79EFBC}") = "legal", "legal\legal.csproj", "{807C7859-56BD-43E8-A44A-7CC638B4BAE0}"
EndProject
Project("{2150E333-8FDC-42A3-9474-1A3956D46DE8}") = "Solution Items", "Solution Items", "{8EC462FD-D22E-90A8-E5CE-7E832BA40C5D}"
	ProjectSection(SolutionItems) = preProject
		legal-ui\.gitignore = legal-ui\.gitignore
		legal-ui\eslint.config.js = legal-ui\eslint.config.js
		legal-ui\index.html = legal-ui\index.html
		legal-ui\package-lock.json = legal-ui\package-lock.json
		legal-ui\package.json = legal-ui\package.json
		legal-ui\README.md = legal-ui\README.md
		legal-ui\tsconfig.app.json = legal-ui\tsconfig.app.json
		legal-ui\tsconfig.json = legal-ui\tsconfig.json
		legal-ui\tsconfig.node.json = legal-ui\tsconfig.node.json
		legal-ui\vite.config.ts = legal-ui\vite.config.ts
	EndProjectSection
EndProject
Project("{2150E333-8FDC-42A3-9474-1A3956D46DE8}") = "legal-ui", "legal-ui", "{A1B2C3D4-0001-0000-0000-000000000001}"
	ProjectSection(SolutionItems) = preProject
		..\legal-ui\src\App.tsx = ..\legal-ui\src\App.tsx
		..\legal-ui\index.html = ..\legal-ui\index.html
		..\legal-ui\package.json = ..\legal-ui\package.json
	EndProjectSection
EndProject
Project("{2150E333-8FDC-42A3-9474-1A3956D46DE8}") = "docs", "docs", "{A1B2C3D4-0002-0000-0000-000000000002}"
	ProjectSection(SolutionItems) = preProject
		..\docs\USER_GUIDE.md = ..\docs\USER_GUIDE.md
	EndProjectSection
EndProject
Global
	GlobalSection(SolutionConfigurationPlatforms) = preSolution
		Debug|Any CPU = Debug|Any CPU
		Release|Any CPU = Release|Any CPU
	EndGlobalSection
	GlobalSection(ProjectConfigurationPlatforms) = postSolution
		{807C7859-56BD-43E8-A44A-7CC638B4BAE0}.Debug|Any CPU.ActiveCfg = Debug|Any CPU
		{807C7859-56BD-43E8-A44A-7CC638B4BAE0}.Debug|Any CPU.Build.0 = Debug|Any CPU
		{807C7859-56BD-43E8-A44A-7CC638B4BAE0}.Release|Any CPU.ActiveCfg = Release|Any CPU
		{807C7859-56BD-43E8-A44A-7CC638B4BAE0}.Release|Any CPU.Build.0 = Release|Any CPU
	EndGlobalSection
	GlobalSection(SolutionProperties) = preSolution
		HideSolutionNode = FALSE
	EndGlobalSection
	GlobalSection(ExtensibilityGlobals) = postSolution
		SolutionGuid = {D4520F3A-04F0-4099-A0C3-D456DD822B5D}
	EndGlobalSection
EndGlobal
